
Microsoft Visual Studio Solution File, Format Version 12.00
# Visual Studio Version 17
VisualStudioVersion = 17.13.35806.99 d17.13
MinimumVisualStudioVersion = 10.0.40219.1
Project("{FAE04EC0-301F-11D3-BF4B-00C04F79EFBC}") = "MauiAppDisertatieVacantaAI", "MauiAppDisertatieVacantaAI.csproj", "{6CCEBB25-9642-414C-99B9-79CA4232ECA9}"
EndProject
Global
	GlobalSection(SolutionConfigurationPlatforms) = preSolution
		Debug|Any CPU = Debug|Any CPU
		Release|Any CPU = Release|Any CPU
	EndGlobalSection
	GlobalSection(ProjectConfigurationPlatforms) = postSolution
		{6CCEBB25-9642-414C-99B9-79CA4232ECA9}.Debug|Any CPU.ActiveCfg = Debug|Any CPU
		{6CCEBB25-9642-414C-99B9-79CA4232ECA9}.Debug|Any CPU.Build.0 = Debug|Any CPU
		{6CCEBB25-9642-414C-99B9-79CA4232ECA9}.Release|Any CPU.ActiveCfg = Release|Any CPU
		{6CCEBB25-9642-414C-99B9-79CA4232ECA9}.Release|Any CPU.Build.0 = Release|Any CPU
	EndGlobalSection
	GlobalSection(SolutionProperties) = preSolution
		HideSolutionNode = FALSE
	EndGlobalSection
	GlobalSection(ExtensibilityGlobals) = postSolution
		SolutionGuid = {8E9E327B-CEB5-4A39-993B-0EC84C66F525}
	EndGlobalSection
EndGlobal
